
Microsoft Visual Studio Solution File, Format Version 12.00
# Visual Studio Version 16
VisualStudioVersion = 16.0.31729.503
MinimumVisualStudioVersion = 10.0.40219.1
Project("{FAE04EC0-301F-11D3-BF4B-00C04F79EFBC}") = "pg8", "pg8\pg8.csproj", "{0574382B-A7F6-442E-B3CB-4F375CBD225B}"
EndProject
Global
	GlobalSection(SolutionConfigurationPlatforms) = preSolution
		Debug|Any CPU = Debug|Any CPU
		Release|Any CPU = Release|Any CPU
	EndGlobalSection
	GlobalSection(ProjectConfigurationPlatforms) = postSolution
		{0574382B-A7F6-442E-B3CB-4F375CBD225B}.Debug|Any CPU.ActiveCfg = Debug|Any CPU
		{0574382B-A7F6-442E-B3CB-4F375CBD225B}.Debug|Any CPU.Build.0 = Debug|Any CPU
		{0574382B-A7F6-442E-B3CB-4F375CBD225B}.Release|Any CPU.ActiveCfg = Release|Any CPU
		{0574382B-A7F6-442E-B3CB-4F375CBD225B}.Release|Any CPU.Build.0 = Release|Any CPU
	EndGlobalSection
	GlobalSection(SolutionProperties) = preSolution
		HideSolutionNode = FALSE
	EndGlobalSection
	GlobalSection(ExtensibilityGlobals) = postSolution
		SolutionGuid = {C30E5114-BF18-431C-A34F-EEADA4CBA8AF}
	EndGlobalSection
EndGlobal
